
Microsoft Visual Studio Solution File, Format Version 12.00
# Visual Studio Version 17
VisualStudioVersion = 17.4.33122.133
MinimumVisualStudioVersion = 10.0.40219.1
Project("{FAE04EC0-301F-11D3-BF4B-00C04F79EFBC}") = "VTableDumper", "VTableDumper\VTableDumper.csproj", "{DC2E3152-708A-4B2B-9E5F-D69C074C1456}"
EndProject
Global
	GlobalSection(SolutionConfigurationPlatforms) = preSolution
		Debug|Any CPU = Debug|Any CPU
		Release|Any CPU = Release|Any CPU
	EndGlobalSection
	GlobalSection(ProjectConfigurationPlatforms) = postSolution
		{DC2E3152-708A-4B2B-9E5F-D69C074C1456}.Debug|Any CPU.ActiveCfg = Debug|Any CPU
		{DC2E3152-708A-4B2B-9E5F-D69C074C1456}.Debug|Any CPU.Build.0 = Debug|Any CPU
		{DC2E3152-708A-4B2B-9E5F-D69C074C1456}.Release|Any CPU.ActiveCfg = Release|Any CPU
		{DC2E3152-708A-4B2B-9E5F-D69C074C1456}.Release|Any CPU.Build.0 = Release|Any CPU
	EndGlobalSection
	GlobalSection(SolutionProperties) = preSolution
		HideSolutionNode = FALSE
	EndGlobalSection
	GlobalSection(ExtensibilityGlobals) = postSolution
		SolutionGuid = {4EBE69C0-5983-47D1-B606-5A7553248BA1}
	EndGlobalSection
EndGlobal
